
Microsoft Visual Studio Solution File, Format Version 12.00
# Visual Studio Version 16
VisualStudioVersion = 16.0.31321.278
MinimumVisualStudioVersion = 10.0.40219.1
Project("{FAE04EC0-301F-11D3-BF4B-00C04F79EFBC}") = "8.Implementing List and Stack", "8.Implementing List and Stack\8.Implementing List and Stack.csproj", "{116FA488-DD8C-47AD-9D9B-A412DD67661A}"
EndProject
Global
	GlobalSection(SolutionConfigurationPlatforms) = preSolution
		Debug|Any CPU = Debug|Any CPU
		Release|Any CPU = Release|Any CPU
	EndGlobalSection
	GlobalSection(ProjectConfigurationPlatforms) = postSolution
		{116FA488-DD8C-47AD-9D9B-A412DD67661A}.Debug|Any CPU.ActiveCfg = Debug|Any CPU
		{116FA488-DD8C-47AD-9D9B-A412DD67661A}.Debug|Any CPU.Build.0 = Debug|Any CPU
		{116FA488-DD8C-47AD-9D9B-A412DD67661A}.Release|Any CPU.ActiveCfg = Release|Any CPU
		{116FA488-DD8C-47AD-9D9B-A412DD67661A}.Release|Any CPU.Build.0 = Release|Any CPU
	EndGlobalSection
	GlobalSection(SolutionProperties) = preSolution
		HideSolutionNode = FALSE
	EndGlobalSection
	GlobalSection(ExtensibilityGlobals) = postSolution
		SolutionGuid = {50C83353-D08D-4CCB-A212-A7E512A44918}
	EndGlobalSection
EndGlobal
