
Microsoft Visual Studio Solution File, Format Version 12.00
# Visual Studio Version 16
VisualStudioVersion = 16.0.31313.79
MinimumVisualStudioVersion = 10.0.40219.1
Project("{FAE04EC0-301F-11D3-BF4B-00C04F79EFBC}") = "01. Odd Lines", "01. Odd Lines\01. Odd Lines.csproj", "{4FA490C7-4F39-49B8-9333-8D93077C1BD1}"
EndProject
Project("{FAE04EC0-301F-11D3-BF4B-00C04F79EFBC}") = "02. Line Numbers", "02. Line Numbers\02. Line Numbers.csproj", "{0C1923EC-8ED0-4211-9762-565751A30D76}"
EndProject
Project("{FAE04EC0-301F-11D3-BF4B-00C04F79EFBC}") = "03. Word Count", "03. Word Count\03. Word Count.csproj", "{F76D883A-30A4-47FA-AFF9-B8A88984A9D1}"
EndProject
Project("{FAE04EC0-301F-11D3-BF4B-00C04F79EFBC}") = "04.Merge Files", "04.Merge Files\04.Merge Files.csproj", "{99612F8D-D49B-456B-A951-03DFEC0ED56E}"
EndProject
Global
	GlobalSection(SolutionConfigurationPlatforms) = preSolution
		Debug|Any CPU = Debug|Any CPU
		Release|Any CPU = Release|Any CPU
	EndGlobalSection
	GlobalSection(ProjectConfigurationPlatforms) = postSolution
		{4FA490C7-4F39-49B8-9333-8D93077C1BD1}.Debug|Any CPU.ActiveCfg = Debug|Any CPU
		{4FA490C7-4F39-49B8-9333-8D93077C1BD1}.Debug|Any CPU.Build.0 = Debug|Any CPU
		{4FA490C7-4F39-49B8-9333-8D93077C1BD1}.Release|Any CPU.ActiveCfg = Release|Any CPU
		{4FA490C7-4F39-49B8-9333-8D93077C1BD1}.Release|Any CPU.Build.0 = Release|Any CPU
		{0C1923EC-8ED0-4211-9762-565751A30D76}.Debug|Any CPU.ActiveCfg = Debug|Any CPU
		{0C1923EC-8ED0-4211-9762-565751A30D76}.Debug|Any CPU.Build.0 = Debug|Any CPU
		{0C1923EC-8ED0-4211-9762-565751A30D76}.Release|Any CPU.ActiveCfg = Release|Any CPU
		{0C1923EC-8ED0-4211-9762-565751A30D76}.Release|Any CPU.Build.0 = Release|Any CPU
		{F76D883A-30A4-47FA-AFF9-B8A88984A9D1}.Debug|Any CPU.ActiveCfg = Debug|Any CPU
		{F76D883A-30A4-47FA-AFF9-B8A88984A9D1}.Debug|Any CPU.Build.0 = Debug|Any CPU
		{F76D883A-30A4-47FA-AFF9-B8A88984A9D1}.Release|Any CPU.ActiveCfg = Release|Any CPU
		{F76D883A-30A4-47FA-AFF9-B8A88984A9D1}.Release|Any CPU.Build.0 = Release|Any CPU
		{99612F8D-D49B-456B-A951-03DFEC0ED56E}.Debug|Any CPU.ActiveCfg = Debug|Any CPU
		{99612F8D-D49B-456B-A951-03DFEC0ED56E}.Debug|Any CPU.Build.0 = Debug|Any CPU
		{99612F8D-D49B-456B-A951-03DFEC0ED56E}.Release|Any CPU.ActiveCfg = Release|Any CPU
		{99612F8D-D49B-456B-A951-03DFEC0ED56E}.Release|Any CPU.Build.0 = Release|Any CPU
	EndGlobalSection
	GlobalSection(SolutionProperties) = preSolution
		HideSolutionNode = FALSE
	EndGlobalSection
	GlobalSection(ExtensibilityGlobals) = postSolution
		SolutionGuid = {343BF40F-59AF-479A-BB99-6076E9E78B96}
	EndGlobalSection
EndGlobal
