
Microsoft Visual Studio Solution File, Format Version 12.00
# Visual Studio Version 16
VisualStudioVersion = 16.0.31313.79
MinimumVisualStudioVersion = 10.0.40219.1
Project("{FAE04EC0-301F-11D3-BF4B-00C04F79EFBC}") = "01. Unique Usernames", "01. Unique Usernames\01. Unique Usernames.csproj", "{A482C785-C7EA-42D4-A5F2-434049FDB3BF}"
EndProject
Global
	GlobalSection(SolutionConfigurationPlatforms) = preSolution
		Debug|Any CPU = Debug|Any CPU
		Release|Any CPU = Release|Any CPU
	EndGlobalSection
	GlobalSection(ProjectConfigurationPlatforms) = postSolution
		{A482C785-C7EA-42D4-A5F2-434049FDB3BF}.Debug|Any CPU.ActiveCfg = Debug|Any CPU
		{A482C785-C7EA-42D4-A5F2-434049FDB3BF}.Debug|Any CPU.Build.0 = Debug|Any CPU
		{A482C785-C7EA-42D4-A5F2-434049FDB3BF}.Release|Any CPU.ActiveCfg = Release|Any CPU
		{A482C785-C7EA-42D4-A5F2-434049FDB3BF}.Release|Any CPU.Build.0 = Release|Any CPU
	EndGlobalSection
	GlobalSection(SolutionProperties) = preSolution
		HideSolutionNode = FALSE
	EndGlobalSection
	GlobalSection(ExtensibilityGlobals) = postSolution
		SolutionGuid = {4FD10980-E662-4CA1-A838-718FA8B1EB61}
	EndGlobalSection
EndGlobal
