
Microsoft Visual Studio Solution File, Format Version 12.00
# Visual Studio Version 16
VisualStudioVersion = 16.0.31321.278
MinimumVisualStudioVersion = 10.0.40219.1
Project("{9A19103F-16F7-4668-BE54-9A1E7A4F7556}") = "Demo", "Generic Count Method Doubles\Demo.csproj", "{F58722C7-D959-4601-896A-C26560C1DF10}"
EndProject
Global
	GlobalSection(SolutionConfigurationPlatforms) = preSolution
		Debug|Any CPU = Debug|Any CPU
		Release|Any CPU = Release|Any CPU
	EndGlobalSection
	GlobalSection(ProjectConfigurationPlatforms) = postSolution
		{F58722C7-D959-4601-896A-C26560C1DF10}.Debug|Any CPU.ActiveCfg = Debug|Any CPU
		{F58722C7-D959-4601-896A-C26560C1DF10}.Debug|Any CPU.Build.0 = Debug|Any CPU
		{F58722C7-D959-4601-896A-C26560C1DF10}.Release|Any CPU.ActiveCfg = Release|Any CPU
		{F58722C7-D959-4601-896A-C26560C1DF10}.Release|Any CPU.Build.0 = Release|Any CPU
	EndGlobalSection
	GlobalSection(SolutionProperties) = preSolution
		HideSolutionNode = FALSE
	EndGlobalSection
	GlobalSection(ExtensibilityGlobals) = postSolution
		SolutionGuid = {3D1EC745-FBC7-42BE-9B7C-E92B9A369E8C}
	EndGlobalSection
EndGlobal
