
Microsoft Visual Studio Solution File, Format Version 12.00
# Visual Studio Version 16
VisualStudioVersion = 16.0.31321.278
MinimumVisualStudioVersion = 10.0.40219.1
Project("{FAE04EC0-301F-11D3-BF4B-00C04F79EFBC}") = "01. Action Point", "01. Action Point\01. Action Point.csproj", "{45D869DA-E21B-4501-B816-075B820760B7}"
EndProject
Project("{FAE04EC0-301F-11D3-BF4B-00C04F79EFBC}") = "02. Knights of Honor", "02. Knights of Honor\02. Knights of Honor.csproj", "{3EEFF204-A69F-4047-A5D6-8FB189AEEBE9}"
EndProject
Project("{9A19103F-16F7-4668-BE54-9A1E7A4F7556}") = "03. Custom Min Function", "03. Custom Min Function\03. Custom Min Function.csproj", "{543A48E2-7390-4577-8054-4F050DF4A53F}"
EndProject
Project("{FAE04EC0-301F-11D3-BF4B-00C04F79EFBC}") = "04. Find Evens or Odds", "04. Find Evens or Odds\04. Find Evens or Odds.csproj", "{B31F294C-C065-411E-A5E4-F365386AFCBF}"
EndProject
Project("{FAE04EC0-301F-11D3-BF4B-00C04F79EFBC}") = "05. Applied Arithmetics", "05. Applied Arithmetics\05. Applied Arithmetics.csproj", "{C1D56BD5-8890-4269-B46B-7A5A57122D92}"
EndProject
Global
	GlobalSection(SolutionConfigurationPlatforms) = preSolution
		Debug|Any CPU = Debug|Any CPU
		Release|Any CPU = Release|Any CPU
	EndGlobalSection
	GlobalSection(ProjectConfigurationPlatforms) = postSolution
		{45D869DA-E21B-4501-B816-075B820760B7}.Debug|Any CPU.ActiveCfg = Debug|Any CPU
		{45D869DA-E21B-4501-B816-075B820760B7}.Debug|Any CPU.Build.0 = Debug|Any CPU
		{45D869DA-E21B-4501-B816-075B820760B7}.Release|Any CPU.ActiveCfg = Release|Any CPU
		{45D869DA-E21B-4501-B816-075B820760B7}.Release|Any CPU.Build.0 = Release|Any CPU
		{3EEFF204-A69F-4047-A5D6-8FB189AEEBE9}.Debug|Any CPU.ActiveCfg = Debug|Any CPU
		{3EEFF204-A69F-4047-A5D6-8FB189AEEBE9}.Debug|Any CPU.Build.0 = Debug|Any CPU
		{3EEFF204-A69F-4047-A5D6-8FB189AEEBE9}.Release|Any CPU.ActiveCfg = Release|Any CPU
		{3EEFF204-A69F-4047-A5D6-8FB189AEEBE9}.Release|Any CPU.Build.0 = Release|Any CPU
		{543A48E2-7390-4577-8054-4F050DF4A53F}.Debug|Any CPU.ActiveCfg = Debug|Any CPU
		{543A48E2-7390-4577-8054-4F050DF4A53F}.Debug|Any CPU.Build.0 = Debug|Any CPU
		{543A48E2-7390-4577-8054-4F050DF4A53F}.Release|Any CPU.ActiveCfg = Release|Any CPU
		{543A48E2-7390-4577-8054-4F050DF4A53F}.Release|Any CPU.Build.0 = Release|Any CPU
		{B31F294C-C065-411E-A5E4-F365386AFCBF}.Debug|Any CPU.ActiveCfg = Debug|Any CPU
		{B31F294C-C065-411E-A5E4-F365386AFCBF}.Debug|Any CPU.Build.0 = Debug|Any CPU
		{B31F294C-C065-411E-A5E4-F365386AFCBF}.Release|Any CPU.ActiveCfg = Release|Any CPU
		{B31F294C-C065-411E-A5E4-F365386AFCBF}.Release|Any CPU.Build.0 = Release|Any CPU
		{C1D56BD5-8890-4269-B46B-7A5A57122D92}.Debug|Any CPU.ActiveCfg = Debug|Any CPU
		{C1D56BD5-8890-4269-B46B-7A5A57122D92}.Debug|Any CPU.Build.0 = Debug|Any CPU
		{C1D56BD5-8890-4269-B46B-7A5A57122D92}.Release|Any CPU.ActiveCfg = Release|Any CPU
		{C1D56BD5-8890-4269-B46B-7A5A57122D92}.Release|Any CPU.Build.0 = Release|Any CPU
	EndGlobalSection
	GlobalSection(SolutionProperties) = preSolution
		HideSolutionNode = FALSE
	EndGlobalSection
	GlobalSection(ExtensibilityGlobals) = postSolution
		SolutionGuid = {1A68F8A2-9CA3-4F9A-BC5D-2614BF096B18}
	EndGlobalSection
EndGlobal
