
Microsoft Visual Studio Solution File, Format Version 12.00
# Visual Studio Version 16
VisualStudioVersion = 16.0.31313.79
MinimumVisualStudioVersion = 10.0.40219.1
Project("{FAE04EC0-301F-11D3-BF4B-00C04F79EFBC}") = "01. Count Same Values in Array", "01. Count Same Values in Array\01. Count Same Values in Array.csproj", "{CA14E553-C724-4C1E-9604-6ACD57AD1194}"
EndProject
Project("{FAE04EC0-301F-11D3-BF4B-00C04F79EFBC}") = "02. Average Student Grades", "02. Average Student Grades\02. Average Student Grades.csproj", "{E37F2A9D-9AA6-45C9-BE5C-00EB47E9C362}"
EndProject
Project("{FAE04EC0-301F-11D3-BF4B-00C04F79EFBC}") = "03. Product Shop", "03. Product Shop\03. Product Shop.csproj", "{55183F05-7DD7-4065-8224-5EC8AC844ED2}"
EndProject
Project("{FAE04EC0-301F-11D3-BF4B-00C04F79EFBC}") = "04. Cities by Continent and Country", "04. Cities by Continent and Country\04. Cities by Continent and Country.csproj", "{3877A7AE-6BDF-4755-9F88-3C853B74C844}"
EndProject
Project("{FAE04EC0-301F-11D3-BF4B-00C04F79EFBC}") = "05. Record Unique Names", "05. Record Unique Names\05. Record Unique Names.csproj", "{BD573893-ACCF-42BD-AF1B-7AE11A3A5D0A}"
EndProject
Project("{FAE04EC0-301F-11D3-BF4B-00C04F79EFBC}") = "06. Parking Lot", "06. Parking Lot\06. Parking Lot.csproj", "{0D23E000-E1B3-46C7-BBBF-956D43F0B579}"
EndProject
Global
	GlobalSection(SolutionConfigurationPlatforms) = preSolution
		Debug|Any CPU = Debug|Any CPU
		Release|Any CPU = Release|Any CPU
	EndGlobalSection
	GlobalSection(ProjectConfigurationPlatforms) = postSolution
		{CA14E553-C724-4C1E-9604-6ACD57AD1194}.Debug|Any CPU.ActiveCfg = Debug|Any CPU
		{CA14E553-C724-4C1E-9604-6ACD57AD1194}.Debug|Any CPU.Build.0 = Debug|Any CPU
		{CA14E553-C724-4C1E-9604-6ACD57AD1194}.Release|Any CPU.ActiveCfg = Release|Any CPU
		{CA14E553-C724-4C1E-9604-6ACD57AD1194}.Release|Any CPU.Build.0 = Release|Any CPU
		{E37F2A9D-9AA6-45C9-BE5C-00EB47E9C362}.Debug|Any CPU.ActiveCfg = Debug|Any CPU
		{E37F2A9D-9AA6-45C9-BE5C-00EB47E9C362}.Debug|Any CPU.Build.0 = Debug|Any CPU
		{E37F2A9D-9AA6-45C9-BE5C-00EB47E9C362}.Release|Any CPU.ActiveCfg = Release|Any CPU
		{E37F2A9D-9AA6-45C9-BE5C-00EB47E9C362}.Release|Any CPU.Build.0 = Release|Any CPU
		{55183F05-7DD7-4065-8224-5EC8AC844ED2}.Debug|Any CPU.ActiveCfg = Debug|Any CPU
		{55183F05-7DD7-4065-8224-5EC8AC844ED2}.Debug|Any CPU.Build.0 = Debug|Any CPU
		{55183F05-7DD7-4065-8224-5EC8AC844ED2}.Release|Any CPU.ActiveCfg = Release|Any CPU
		{55183F05-7DD7-4065-8224-5EC8AC844ED2}.Release|Any CPU.Build.0 = Release|Any CPU
		{3877A7AE-6BDF-4755-9F88-3C853B74C844}.Debug|Any CPU.ActiveCfg = Debug|Any CPU
		{3877A7AE-6BDF-4755-9F88-3C853B74C844}.Debug|Any CPU.Build.0 = Debug|Any CPU
		{3877A7AE-6BDF-4755-9F88-3C853B74C844}.Release|Any CPU.ActiveCfg = Release|Any CPU
		{3877A7AE-6BDF-4755-9F88-3C853B74C844}.Release|Any CPU.Build.0 = Release|Any CPU
		{BD573893-ACCF-42BD-AF1B-7AE11A3A5D0A}.Debug|Any CPU.ActiveCfg = Debug|Any CPU
		{BD573893-ACCF-42BD-AF1B-7AE11A3A5D0A}.Debug|Any CPU.Build.0 = Debug|Any CPU
		{BD573893-ACCF-42BD-AF1B-7AE11A3A5D0A}.Release|Any CPU.ActiveCfg = Release|Any CPU
		{BD573893-ACCF-42BD-AF1B-7AE11A3A5D0A}.Release|Any CPU.Build.0 = Release|Any CPU
		{0D23E000-E1B3-46C7-BBBF-956D43F0B579}.Debug|Any CPU.ActiveCfg = Debug|Any CPU
		{0D23E000-E1B3-46C7-BBBF-956D43F0B579}.Debug|Any CPU.Build.0 = Debug|Any CPU
		{0D23E000-E1B3-46C7-BBBF-956D43F0B579}.Release|Any CPU.ActiveCfg = Release|Any CPU
		{0D23E000-E1B3-46C7-BBBF-956D43F0B579}.Release|Any CPU.Build.0 = Release|Any CPU
	EndGlobalSection
	GlobalSection(SolutionProperties) = preSolution
		HideSolutionNode = FALSE
	EndGlobalSection
	GlobalSection(ExtensibilityGlobals) = postSolution
		SolutionGuid = {B6133C2F-F020-4E16-B695-D17F5E43D29C}
	EndGlobalSection
EndGlobal
